
Microsoft Visual Studio Solution File, Format Version 12.00
# Visual Studio Version 17
VisualStudioVersion = 17.10.35013.160
MinimumVisualStudioVersion = 10.0.40219.1
Project("{FAE04EC0-301F-11D3-BF4B-00C04F79EFBC}") = "WinAgreeBookManage", "WinAgreeBookManage.csproj", "{7EFA6F21-6D91-419A-94F4-3A3B1A7D7902}"
EndProject
Global
	GlobalSection(SolutionConfigurationPlatforms) = preSolution
		Debug|Any CPU = Debug|Any CPU
		Release|Any CPU = Release|Any CPU
	EndGlobalSection
	GlobalSection(ProjectConfigurationPlatforms) = postSolution
		{7EFA6F21-6D91-419A-94F4-3A3B1A7D7902}.Debug|Any CPU.ActiveCfg = Debug|Any CPU
		{7EFA6F21-6D91-419A-94F4-3A3B1A7D7902}.Debug|Any CPU.Build.0 = Debug|Any CPU
		{7EFA6F21-6D91-419A-94F4-3A3B1A7D7902}.Release|Any CPU.ActiveCfg = Release|Any CPU
		{7EFA6F21-6D91-419A-94F4-3A3B1A7D7902}.Release|Any CPU.Build.0 = Release|Any CPU
	EndGlobalSection
	GlobalSection(SolutionProperties) = preSolution
		HideSolutionNode = FALSE
	EndGlobalSection
	GlobalSection(ExtensibilityGlobals) = postSolution
		SolutionGuid = {F5227806-2851-4149-96F5-5EF1BC515DD7}
	EndGlobalSection
EndGlobal
